
Microsoft Visual Studio Solution File, Format Version 12.00
# Visual Studio Version 17
VisualStudioVersion = 17.2.32630.192
MinimumVisualStudioVersion = 10.0.40219.1
Project("{FAE04EC0-301F-11D3-BF4B-00C04F79EFBC}") = "DrawingApp-SampleProject-C", "DrawingApp-SampleProject-C\DrawingApp-SampleProject-C.csproj", "{53550FF0-CBA8-46F6-B458-FED89D549E53}"
EndProject
Global
	GlobalSection(SolutionConfigurationPlatforms) = preSolution
		Debug|Any CPU = Debug|Any CPU
		Release|Any CPU = Release|Any CPU
	EndGlobalSection
	GlobalSection(ProjectConfigurationPlatforms) = postSolution
		{53550FF0-CBA8-46F6-B458-FED89D549E53}.Debug|Any CPU.ActiveCfg = Debug|Any CPU
		{53550FF0-CBA8-46F6-B458-FED89D549E53}.Debug|Any CPU.Build.0 = Debug|Any CPU
		{53550FF0-CBA8-46F6-B458-FED89D549E53}.Release|Any CPU.ActiveCfg = Release|Any CPU
		{53550FF0-CBA8-46F6-B458-FED89D549E53}.Release|Any CPU.Build.0 = Release|Any CPU
	EndGlobalSection
	GlobalSection(SolutionProperties) = preSolution
		HideSolutionNode = FALSE
	EndGlobalSection
	GlobalSection(ExtensibilityGlobals) = postSolution
		SolutionGuid = {2D4F3944-5F39-4BBC-A929-6F26CE7C9CC6}
	EndGlobalSection
EndGlobal
